
Microsoft Visual Studio Solution File, Format Version 12.00
# Visual Studio 15
Project("{FAE04EC0-301F-11D3-BF4B-00C04F79EFBC}") = "AutoTimeSchedule", "AutoTimeSchedule\AutoTimeSchedule.csproj", "{6951D24A-3F4B-4CA3-94EC-172DB275A126}"
EndProject
Project("{FAE04EC0-301F-11D3-BF4B-00C04F79EFBC}") = "TEST", "TEST\TEST.csproj", "{8792F90C-7110-46EE-B5E8-1CDA3141DF6A}"
EndProject
Global
	GlobalSection(SolutionConfigurationPlatforms) = preSolution
		Debug|Any CPU = Debug|Any CPU
		Release|Any CPU = Release|Any CPU
	EndGlobalSection
	GlobalSection(ProjectConfigurationPlatforms) = postSolution
		{6951D24A-3F4B-4CA3-94EC-172DB275A126}.Debug|Any CPU.ActiveCfg = Debug|Any CPU
		{6951D24A-3F4B-4CA3-94EC-172DB275A126}.Debug|Any CPU.Build.0 = Debug|Any CPU
		{6951D24A-3F4B-4CA3-94EC-172DB275A126}.Release|Any CPU.ActiveCfg = Release|Any CPU
		{6951D24A-3F4B-4CA3-94EC-172DB275A126}.Release|Any CPU.Build.0 = Release|Any CPU
		{8792F90C-7110-46EE-B5E8-1CDA3141DF6A}.Debug|Any CPU.ActiveCfg = Debug|Any CPU
		{8792F90C-7110-46EE-B5E8-1CDA3141DF6A}.Debug|Any CPU.Build.0 = Debug|Any CPU
		{8792F90C-7110-46EE-B5E8-1CDA3141DF6A}.Release|Any CPU.ActiveCfg = Release|Any CPU
		{8792F90C-7110-46EE-B5E8-1CDA3141DF6A}.Release|Any CPU.Build.0 = Release|Any CPU
	EndGlobalSection
EndGlobal
